
Microsoft Visual Studio Solution File, Format Version 12.00
# Visual Studio Version 17
VisualStudioVersion = 17.9.34723.18
MinimumVisualStudioVersion = 10.0.40219.1
Project("{FAE04EC0-301F-11D3-BF4B-00C04F79EFBC}") = "windForm", "casoLecturaDiscosDb\windForm.csproj", "{480DA964-E0DB-4753-80FA-6C3ACF5A145B}"
EndProject
Project("{FAE04EC0-301F-11D3-BF4B-00C04F79EFBC}") = "dominio", "dominio\dominio.csproj", "{73B483F6-FE98-41D2-957F-05457DD892FB}"
EndProject
Project("{FAE04EC0-301F-11D3-BF4B-00C04F79EFBC}") = "negocio", "negocio\negocio.csproj", "{08A08D39-7851-4472-B8DF-83FA439E538D}"
EndProject
Global
	GlobalSection(SolutionConfigurationPlatforms) = preSolution
		Debug|Any CPU = Debug|Any CPU
		Release|Any CPU = Release|Any CPU
	EndGlobalSection
	GlobalSection(ProjectConfigurationPlatforms) = postSolution
		{480DA964-E0DB-4753-80FA-6C3ACF5A145B}.Debug|Any CPU.ActiveCfg = Debug|Any CPU
		{480DA964-E0DB-4753-80FA-6C3ACF5A145B}.Debug|Any CPU.Build.0 = Debug|Any CPU
		{480DA964-E0DB-4753-80FA-6C3ACF5A145B}.Release|Any CPU.ActiveCfg = Release|Any CPU
		{480DA964-E0DB-4753-80FA-6C3ACF5A145B}.Release|Any CPU.Build.0 = Release|Any CPU
		{73B483F6-FE98-41D2-957F-05457DD892FB}.Debug|Any CPU.ActiveCfg = Debug|Any CPU
		{73B483F6-FE98-41D2-957F-05457DD892FB}.Debug|Any CPU.Build.0 = Debug|Any CPU
		{73B483F6-FE98-41D2-957F-05457DD892FB}.Release|Any CPU.ActiveCfg = Release|Any CPU
		{73B483F6-FE98-41D2-957F-05457DD892FB}.Release|Any CPU.Build.0 = Release|Any CPU
		{08A08D39-7851-4472-B8DF-83FA439E538D}.Debug|Any CPU.ActiveCfg = Debug|Any CPU
		{08A08D39-7851-4472-B8DF-83FA439E538D}.Debug|Any CPU.Build.0 = Debug|Any CPU
		{08A08D39-7851-4472-B8DF-83FA439E538D}.Release|Any CPU.ActiveCfg = Release|Any CPU
		{08A08D39-7851-4472-B8DF-83FA439E538D}.Release|Any CPU.Build.0 = Release|Any CPU
	EndGlobalSection
	GlobalSection(SolutionProperties) = preSolution
		HideSolutionNode = FALSE
	EndGlobalSection
	GlobalSection(ExtensibilityGlobals) = postSolution
		SolutionGuid = {FE16791E-4DA1-494E-95C5-685B32ED531C}
	EndGlobalSection
EndGlobal
